
Microsoft Visual Studio Solution File, Format Version 12.00
# Visual Studio 15
Project("{FAE04EC0-301F-11D3-BF4B-00C04F79EFBC}") = "Google.Play.Review", "Google.Play.Review.csproj", "{F1E28F5D-503B-F60D-F0EE-41B2524DBDB8}"
EndProject
Project("{FAE04EC0-301F-11D3-BF4B-00C04F79EFBC}") = "Assembly-CSharp", "Assembly-CSharp.csproj", "{CABCC725-D447-17F1-234B-E14D023774ED}"
EndProject
Project("{FAE04EC0-301F-11D3-BF4B-00C04F79EFBC}") = "Google.Play.Core", "Google.Play.Core.csproj", "{CC0C2A45-6EA3-7453-3576-679D00004166}"
EndProject
Project("{FAE04EC0-301F-11D3-BF4B-00C04F79EFBC}") = "Google.Play.Common", "Google.Play.Common.csproj", "{FD5CEADB-02FA-13E3-E94F-77CE5CFC226A}"
EndProject
Project("{FAE04EC0-301F-11D3-BF4B-00C04F79EFBC}") = "Assembly-CSharp-firstpass", "Assembly-CSharp-firstpass.csproj", "{C14DB106-1503-457E-1C79-7743D543CE72}"
EndProject
Project("{FAE04EC0-301F-11D3-BF4B-00C04F79EFBC}") = "DOTween.Modules", "DOTween.Modules.csproj", "{BF4A5DD1-3016-6561-C876-7B1ED0DD540E}"
EndProject
Project("{FAE04EC0-301F-11D3-BF4B-00C04F79EFBC}") = "GoogleMobileAds.Editor", "GoogleMobileAds.Editor.csproj", "{DE31B9D0-D73B-DED1-CA31-057DFABBDCCD}"
EndProject
Project("{FAE04EC0-301F-11D3-BF4B-00C04F79EFBC}") = "FirebaseMessagingActivityGenerator", "FirebaseMessagingActivityGenerator.csproj", "{B97AD1BB-B4E0-E2D0-5D1D-1DC1E9F35337}"
EndProject
Global
	GlobalSection(SolutionConfigurationPlatforms) = preSolution
		Debug|Any CPU = Debug|Any CPU
		Release|Any CPU = Release|Any CPU
	EndGlobalSection
	GlobalSection(ProjectConfigurationPlatforms) = postSolution
		{F1E28F5D-503B-F60D-F0EE-41B2524DBDB8}.Debug|Any CPU.ActiveCfg = Debug|Any CPU
		{F1E28F5D-503B-F60D-F0EE-41B2524DBDB8}.Debug|Any CPU.Build.0 = Debug|Any CPU
		{F1E28F5D-503B-F60D-F0EE-41B2524DBDB8}.Release|Any CPU.ActiveCfg = Release|Any CPU
		{F1E28F5D-503B-F60D-F0EE-41B2524DBDB8}.Release|Any CPU.Build.0 = Release|Any CPU
		{CABCC725-D447-17F1-234B-E14D023774ED}.Debug|Any CPU.ActiveCfg = Debug|Any CPU
		{CABCC725-D447-17F1-234B-E14D023774ED}.Debug|Any CPU.Build.0 = Debug|Any CPU
		{CABCC725-D447-17F1-234B-E14D023774ED}.Release|Any CPU.ActiveCfg = Release|Any CPU
		{CABCC725-D447-17F1-234B-E14D023774ED}.Release|Any CPU.Build.0 = Release|Any CPU
		{CC0C2A45-6EA3-7453-3576-679D00004166}.Debug|Any CPU.ActiveCfg = Debug|Any CPU
		{CC0C2A45-6EA3-7453-3576-679D00004166}.Debug|Any CPU.Build.0 = Debug|Any CPU
		{CC0C2A45-6EA3-7453-3576-679D00004166}.Release|Any CPU.ActiveCfg = Release|Any CPU
		{CC0C2A45-6EA3-7453-3576-679D00004166}.Release|Any CPU.Build.0 = Release|Any CPU
		{FD5CEADB-02FA-13E3-E94F-77CE5CFC226A}.Debug|Any CPU.ActiveCfg = Debug|Any CPU
		{FD5CEADB-02FA-13E3-E94F-77CE5CFC226A}.Debug|Any CPU.Build.0 = Debug|Any CPU
		{FD5CEADB-02FA-13E3-E94F-77CE5CFC226A}.Release|Any CPU.ActiveCfg = Release|Any CPU
		{FD5CEADB-02FA-13E3-E94F-77CE5CFC226A}.Release|Any CPU.Build.0 = Release|Any CPU
		{C14DB106-1503-457E-1C79-7743D543CE72}.Debug|Any CPU.ActiveCfg = Debug|Any CPU
		{C14DB106-1503-457E-1C79-7743D543CE72}.Debug|Any CPU.Build.0 = Debug|Any CPU
		{C14DB106-1503-457E-1C79-7743D543CE72}.Release|Any CPU.ActiveCfg = Release|Any CPU
		{C14DB106-1503-457E-1C79-7743D543CE72}.Release|Any CPU.Build.0 = Release|Any CPU
		{BF4A5DD1-3016-6561-C876-7B1ED0DD540E}.Debug|Any CPU.ActiveCfg = Debug|Any CPU
		{BF4A5DD1-3016-6561-C876-7B1ED0DD540E}.Debug|Any CPU.Build.0 = Debug|Any CPU
		{BF4A5DD1-3016-6561-C876-7B1ED0DD540E}.Release|Any CPU.ActiveCfg = Release|Any CPU
		{BF4A5DD1-3016-6561-C876-7B1ED0DD540E}.Release|Any CPU.Build.0 = Release|Any CPU
		{DE31B9D0-D73B-DED1-CA31-057DFABBDCCD}.Debug|Any CPU.ActiveCfg = Debug|Any CPU
		{DE31B9D0-D73B-DED1-CA31-057DFABBDCCD}.Debug|Any CPU.Build.0 = Debug|Any CPU
		{DE31B9D0-D73B-DED1-CA31-057DFABBDCCD}.Release|Any CPU.ActiveCfg = Release|Any CPU
		{DE31B9D0-D73B-DED1-CA31-057DFABBDCCD}.Release|Any CPU.Build.0 = Release|Any CPU
		{B97AD1BB-B4E0-E2D0-5D1D-1DC1E9F35337}.Debug|Any CPU.ActiveCfg = Debug|Any CPU
		{B97AD1BB-B4E0-E2D0-5D1D-1DC1E9F35337}.Debug|Any CPU.Build.0 = Debug|Any CPU
		{B97AD1BB-B4E0-E2D0-5D1D-1DC1E9F35337}.Release|Any CPU.ActiveCfg = Release|Any CPU
		{B97AD1BB-B4E0-E2D0-5D1D-1DC1E9F35337}.Release|Any CPU.Build.0 = Release|Any CPU
	EndGlobalSection
	GlobalSection(SolutionProperties) = preSolution
		HideSolutionNode = FALSE
	EndGlobalSection
EndGlobal
